{
  "lockfileVersion": 1,
  "workspaces": {
    "": {
      "name": "tabattack",
      "dependencies": {
        "@hello-pangea/dnd": "^18.0.1",
        "ace-builds": "^1.39.0",
        "marked": "^15.0.7",
        "react": "^19.0.0",
        "react-dom": "^19.0.0",
      },
      "devDependencies": {
        "@types/bun": "^1.2.4",
        "@types/chrome": "^0.0.306",
        "@types/firefox-webext-browser": "^120.0.4",
        "@types/react": "^19.0.10",
        "@types/react-dom": "^19.0.4",
        "dprint": "^0.49.0",
        "typescript": "^5.8.2",
      },
    },
  },
  "packages": {
    "@babel/runtime": ["@babel/runtime@7.26.9", "", { "dependencies": { "regenerator-runtime": "^0.14.0" } }, "sha512-aA63XwOkcl4xxQa3HjPMqOP6LiK0ZDv3mUPYEFXkpHbaFjtGggE1A61FjFzJnB+p7/oy2gA8E+rcBNl/zC1tMg=="],

    "@dprint/darwin-arm64": ["@dprint/darwin-arm64@0.49.0", "", { "os": "darwin", "cpu": "arm64" }, "sha512-b8fwjdfYrX5H+QyeWiB27gPc1GMVdd2LorCtsZWC+MDQO6NOgpuxJePqccbQlFUumy2rfmQuLQprnldvQZhceg=="],

    "@dprint/darwin-x64": ["@dprint/darwin-x64@0.49.0", "", { "os": "darwin", "cpu": "x64" }, "sha512-cA/DIPlHClkufLufuIfcXHtZdlyP9U05RuJLvvAfHwJAxyeEC/chKYVc5BVz86RxMIq6czFGpJHoFtTjrfM3YA=="],

    "@dprint/linux-arm64-glibc": ["@dprint/linux-arm64-glibc@0.49.0", "", { "os": "linux", "cpu": "arm64" }, "sha512-UBo3lDJhotT+qza2S48DOPI64MirkJMoFDidh/TJBjokio2TcGd+QUzuB9O7J1+R3AlbwyObcTECjJryCNohHQ=="],

    "@dprint/linux-arm64-musl": ["@dprint/linux-arm64-musl@0.49.0", "", { "os": "linux", "cpu": "arm64" }, "sha512-XWAPL6Hp+zqk9bi57450wuy4yz4fvT72L3Zji3X7ChL5KD/apMUzQnZhmTpln2sxwIgJ3nCbzEzlF7jhhp/7KA=="],

    "@dprint/linux-riscv64-glibc": ["@dprint/linux-riscv64-glibc@0.49.0", "", { "os": "linux", "cpu": "none" }, "sha512-6GlGcauMeMbCCJ15OmAMkarouCifij9hb12Vz5UUZPevnutVoWRTQBPQLfllmd+9Znsp23fHnmzmykibdwj4Gw=="],

    "@dprint/linux-x64-glibc": ["@dprint/linux-x64-glibc@0.49.0", "", { "os": "linux", "cpu": "x64" }, "sha512-PJUM1G8L2xwF9R1s4/J6kf29S2sJ/sZGy3ah7g5Uj+oYkZq6SlMOrx3xqCXEkKSa0T6Xuc1bUBcJyrjEf36xiw=="],

    "@dprint/linux-x64-musl": ["@dprint/linux-x64-musl@0.49.0", "", { "os": "linux", "cpu": "x64" }, "sha512-+WIInBwbCXYmWZcYYmnD8HdcZj6q8ewy6mPpHH6SDMtWr6nrxzyIVLFr72XeiBoHnVsQFUhN+wv5Bm5NnpJtRw=="],

    "@dprint/win32-arm64": ["@dprint/win32-arm64@0.49.0", "", { "os": "win32", "cpu": "arm64" }, "sha512-AteygrhmT7OXIgE/72REUfTPs/+qU0I1vhU379AYXgcWzOKy6Eeyi8lAt17oF7OmGT4IuyrKEDjpdTxhOWLsQw=="],

    "@dprint/win32-x64": ["@dprint/win32-x64@0.49.0", "", { "os": "win32", "cpu": "x64" }, "sha512-8bE6P9T/32Gd+zMAkcwvUHzOLEMnbHEMgsgiKypYsdFTskpDz+y1GLJvMaxIFd2DB2tMx9TdBYuBQrJroTsMeQ=="],

    "@hello-pangea/dnd": ["@hello-pangea/dnd@18.0.1", "", { "dependencies": { "@babel/runtime": "^7.26.7", "css-box-model": "^1.2.1", "raf-schd": "^4.0.3", "react-redux": "^9.2.0", "redux": "^5.0.1" }, "peerDependencies": { "react": "^18.0.0 || ^19.0.0", "react-dom": "^18.0.0 || ^19.0.0" } }, "sha512-xojVWG8s/TGrKT1fC8K2tIWeejJYTAeJuj36zM//yEm/ZrnZUSFGS15BpO+jGZT1ybWvyXmeDJwPYb4dhWlbZQ=="],

    "@types/bun": ["@types/bun@1.2.4", "", { "dependencies": { "bun-types": "1.2.4" } }, "sha512-QtuV5OMR8/rdKJs213iwXDpfVvnskPXY/S0ZiFbsTjQZycuqPbMW8Gf/XhLfwE5njW8sxI2WjISURXPlHypMFA=="],

    "@types/chrome": ["@types/chrome@0.0.306", "", { "dependencies": { "@types/filesystem": "*", "@types/har-format": "*" } }, "sha512-95kgcqvTNcaZCXmx/kIKY6uo83IaRNT3cuPxYqlB2Iu+HzKDCP4t7TUe7KhJijTdibcvn+SzziIcfSLIlgRnhQ=="],

    "@types/filesystem": ["@types/filesystem@0.0.36", "", { "dependencies": { "@types/filewriter": "*" } }, "sha512-vPDXOZuannb9FZdxgHnqSwAG/jvdGM8Wq+6N4D/d80z+D4HWH+bItqsZaVRQykAn6WEVeEkLm2oQigyHtgb0RA=="],

    "@types/filewriter": ["@types/filewriter@0.0.33", "", {}, "sha512-xFU8ZXTw4gd358lb2jw25nxY9QAgqn2+bKKjKOYfNCzN4DKCFetK7sPtrlpg66Ywe3vWY9FNxprZawAh9wfJ3g=="],

    "@types/firefox-webext-browser": ["@types/firefox-webext-browser@120.0.4", "", {}, "sha512-lBrpf08xhiZBigrtdQfUaqX1UauwZ+skbFiL8u2Tdra/rklkKadYmIzTwkNZSWtuZ7OKpFqbE2HHfDoFqvZf6w=="],

    "@types/har-format": ["@types/har-format@1.2.16", "", {}, "sha512-fluxdy7ryD3MV6h8pTfTYpy/xQzCFC7m89nOH9y94cNqJ1mDIDPut7MnRHI3F6qRmh/cT2fUjG1MLdCNb4hE9A=="],

    "@types/node": ["@types/node@22.13.5", "", { "dependencies": { "undici-types": "~6.20.0" } }, "sha512-+lTU0PxZXn0Dr1NBtC7Y8cR21AJr87dLLU953CWA6pMxxv/UDc7jYAY90upcrie1nRcD6XNG5HOYEDtgW5TxAg=="],

    "@types/react": ["@types/react@19.0.10", "", { "dependencies": { "csstype": "^3.0.2" } }, "sha512-JuRQ9KXLEjaUNjTWpzuR231Z2WpIwczOkBEIvbHNCzQefFIT0L8IqE6NV6ULLyC1SI/i234JnDoMkfg+RjQj2g=="],

    "@types/react-dom": ["@types/react-dom@19.0.4", "", { "peerDependencies": { "@types/react": "^19.0.0" } }, "sha512-4fSQ8vWFkg+TGhePfUzVmat3eC14TXYSsiiDSLI0dVLsrm9gZFABjPy/Qu6TKgl1tq1Bu1yDsuQgY3A3DOjCcg=="],

    "@types/use-sync-external-store": ["@types/use-sync-external-store@0.0.6", "", {}, "sha512-zFDAD+tlpf2r4asuHEj0XH6pY6i0g5NeAHPn+15wk3BV6JA69eERFXC1gyGThDkVa1zCyKr5jox1+2LbV/AMLg=="],

    "@types/ws": ["@types/ws@8.5.14", "", { "dependencies": { "@types/node": "*" } }, "sha512-bd/YFLW+URhBzMXurx7lWByOu+xzU9+kb3RboOteXYDfW+tr+JZa99OyNmPINEGB/ahzKrEuc8rcv4gnpJmxTw=="],

    "ace-builds": ["ace-builds@1.39.0", "", {}, "sha512-MqoZojv4gpc5QyTMor/dS6kmruDV9db9LVZbCiT4qYz6WsDiv4qyG5f7ZPc+wjUl6oLMqgCAsBjo1whdSVyMlQ=="],

    "bun-types": ["bun-types@1.2.4", "", { "dependencies": { "@types/node": "*", "@types/ws": "~8.5.10" } }, "sha512-nDPymR207ZZEoWD4AavvEaa/KZe/qlrbMSchqpQwovPZCKc7pwMoENjEtHgMKaAjJhy+x6vfqSBA1QU3bJgs0Q=="],

    "css-box-model": ["css-box-model@1.2.1", "", { "dependencies": { "tiny-invariant": "^1.0.6" } }, "sha512-a7Vr4Q/kd/aw96bnJG332W9V9LkJO69JRcaCYDUqjp6/z0w6VcZjgAcTbgFxEPfBgdnAwlh3iwu+hLopa+flJw=="],

    "csstype": ["csstype@3.1.3", "", {}, "sha512-M1uQkMl8rQK/szD0LNhtqxIPLpimGm8sOBwU7lLnCpSbTyY3yeU1Vc7l4KT5zT4s/yOxHH5O7tIuuLOCnLADRw=="],

    "dprint": ["dprint@0.49.0", "", { "optionalDependencies": { "@dprint/darwin-arm64": "0.49.0", "@dprint/darwin-x64": "0.49.0", "@dprint/linux-arm64-glibc": "0.49.0", "@dprint/linux-arm64-musl": "0.49.0", "@dprint/linux-riscv64-glibc": "0.49.0", "@dprint/linux-x64-glibc": "0.49.0", "@dprint/linux-x64-musl": "0.49.0", "@dprint/win32-arm64": "0.49.0", "@dprint/win32-x64": "0.49.0" }, "bin": { "dprint": "bin.js" } }, "sha512-xtBPZbPKWOOJH5al4h6rgzsGHuXpyK7TFJCQ5/TW8Z4zkcB9dfmPAh14/Yp5YZcB798D0liztXw+Nd7suzdzBQ=="],

    "marked": ["marked@15.0.7", "", { "bin": { "marked": "bin/marked.js" } }, "sha512-dgLIeKGLx5FwziAnsk4ONoGwHwGPJzselimvlVskE9XLN4Orv9u2VA3GWw/lYUqjfA0rUT/6fqKwfZJapP9BEg=="],

    "raf-schd": ["raf-schd@4.0.3", "", {}, "sha512-tQkJl2GRWh83ui2DiPTJz9wEiMN20syf+5oKfB03yYP7ioZcJwsIK8FjrtLwH1m7C7e+Tt2yYBlrOpdT+dyeIQ=="],

    "react": ["react@19.0.0", "", {}, "sha512-V8AVnmPIICiWpGfm6GLzCR/W5FXLchHop40W4nXBmdlEceh16rCN8O8LNWm5bh5XUX91fh7KpA+W0TgMKmgTpQ=="],

    "react-dom": ["react-dom@19.0.0", "", { "dependencies": { "scheduler": "^0.25.0" }, "peerDependencies": { "react": "^19.0.0" } }, "sha512-4GV5sHFG0e/0AD4X+ySy6UJd3jVl1iNsNHdpad0qhABJ11twS3TTBnseqsKurKcsNqCEFeGL3uLpVChpIO3QfQ=="],

    "react-redux": ["react-redux@9.2.0", "", { "dependencies": { "@types/use-sync-external-store": "^0.0.6", "use-sync-external-store": "^1.4.0" }, "peerDependencies": { "@types/react": "^18.2.25 || ^19", "react": "^18.0 || ^19", "redux": "^5.0.0" }, "optionalPeers": ["@types/react", "redux"] }, "sha512-ROY9fvHhwOD9ySfrF0wmvu//bKCQ6AeZZq1nJNtbDC+kk5DuSuNX/n6YWYF/SYy7bSba4D4FSz8DJeKY/S/r+g=="],

    "redux": ["redux@5.0.1", "", {}, "sha512-M9/ELqF6fy8FwmkpnF0S3YKOqMyoWJ4+CS5Efg2ct3oY9daQvd/Pc71FpGZsVsbl3Cpb+IIcjBDUnnyBdQbq4w=="],

    "regenerator-runtime": ["regenerator-runtime@0.14.1", "", {}, "sha512-dYnhHh0nJoMfnkZs6GmmhFknAGRrLznOu5nc9ML+EJxGvrx6H7teuevqVqCuPcPK//3eDrrjQhehXVx9cnkGdw=="],

    "scheduler": ["scheduler@0.25.0", "", {}, "sha512-xFVuu11jh+xcO7JOAGJNOXld8/TcEHK/4CituBUeUb5hqxJLj9YuemAEuvm9gQ/+pgXYfbQuqAkiYu+u7YEsNA=="],

    "tiny-invariant": ["tiny-invariant@1.3.3", "", {}, "sha512-+FbBPE1o9QAYvviau/qC5SE3caw21q3xkvWKBtja5vgqOWIHHJ3ioaq1VPfn/Szqctz2bU/oYeKd9/z5BL+PVg=="],

    "typescript": ["typescript@5.8.2", "", { "bin": { "tsc": "bin/tsc", "tsserver": "bin/tsserver" } }, "sha512-aJn6wq13/afZp/jT9QZmwEjDqqvSGp1VT5GVg+f/t6/oVyrgXM6BY1h9BRh/O5p3PlUPAe+WuiEZOmb/49RqoQ=="],

    "undici-types": ["undici-types@6.20.0", "", {}, "sha512-Ny6QZ2Nju20vw1SRHe3d9jVu6gJ+4e3+MMpqu7pqE5HT6WsTSlce++GQmK5UXS8mzV8DSYHrQH+Xrf2jVcuKNg=="],

    "use-sync-external-store": ["use-sync-external-store@1.4.0", "", { "peerDependencies": { "react": "^16.8.0 || ^17.0.0 || ^18.0.0 || ^19.0.0" } }, "sha512-9WXSPC5fMv61vaupRkCKCxsPxBocVnwakBEkMIHHpkTTg6icbJtg6jzgtLDm4bl3cSHAca52rYWih0k4K3PfHw=="],
  }
}
