{
  "lockfileVersion": 1,
  "workspaces": {
    "": {
      "name": "tabattack",
      "dependencies": {
        "@types/react-beautiful-dnd": "^13.1.8",
        "ace-builds": "^1.42.0",
        "marked": "^15.0.12",
        "react": "^19.1.0",
        "react-beautiful-dnd": "^13.1.1",
        "react-dom": "^19.1.0",
      },
      "devDependencies": {
        "@types/bun": "^1.2.16",
        "@types/chrome": "^0.0.306",
        "@types/firefox-webext-browser": "^120.0.4",
        "@types/react": "^19.1.8",
        "@types/react-dom": "^19.1.6",
        "dprint": "^0.49.1",
        "typescript": "^5.8.3",
      },
    },
  },
  "packages": {
    "@babel/runtime": ["@babel/runtime@7.27.1", "", {}, "sha512-1x3D2xEk2fRo3PAhwQwu5UubzgiVWSXTBfWpVd2Mx2AzRqJuDJCsgaDVZ7HB5iGzDW1Hl1sWN2mFyKjmR9uAog=="],

    "@dprint/darwin-arm64": ["@dprint/darwin-arm64@0.49.1", "", { "os": "darwin", "cpu": "arm64" }, "sha512-ib6KcJWo/M5RJWXOQKhP664FG1hAvG7nrbkh+j8n+oXdzmbyDdXTP+zW+aM3/sIQUkGaZky1xy1j2VeScMEEHQ=="],

    "@dprint/darwin-x64": ["@dprint/darwin-x64@0.49.1", "", { "os": "darwin", "cpu": "x64" }, "sha512-vIVgnYxV7YYa1d6Uyz707RbgB9rwefGPam+rzaueFNPQjdOxPOTQDuMEJDS+Z3BlI00MfeoupIfIUGsXoM4dpQ=="],

    "@dprint/linux-arm64-glibc": ["@dprint/linux-arm64-glibc@0.49.1", "", { "os": "linux", "cpu": "arm64" }, "sha512-ZeIh6qMPWLBBifDtU0XadpK36b4WoaTqCOt0rWKfoTjq1RAt78EgqETWp43Dbr6et/HvTgYdoWF0ZNEu2FJFFA=="],

    "@dprint/linux-arm64-musl": ["@dprint/linux-arm64-musl@0.49.1", "", { "os": "linux", "cpu": "arm64" }, "sha512-/nuRyx+TykN6MqhlSCRs/t3o1XXlikiwTc9emWdzMeLGllYvJrcht9gRJ1/q1SqwCFhzgnD9H7roxxfji1tc+Q=="],

    "@dprint/linux-riscv64-glibc": ["@dprint/linux-riscv64-glibc@0.49.1", "", { "os": "linux", "cpu": "none" }, "sha512-RHBqrnvGO+xW4Oh0QuToBqWtkXMcfjqa1TqbBFF03yopFzZA2oRKX83PhjTWgd/IglaOns0BgmaLJy/JBSxOfQ=="],

    "@dprint/linux-x64-glibc": ["@dprint/linux-x64-glibc@0.49.1", "", { "os": "linux", "cpu": "x64" }, "sha512-MjFE894mIQXOKBencuakKyzAI4KcDe/p0Y9lRp9YSw/FneR4QWH9VBH90h8fRxcIlWMArjFFJJAtsBnn5qgxeg=="],

    "@dprint/linux-x64-musl": ["@dprint/linux-x64-musl@0.49.1", "", { "os": "linux", "cpu": "x64" }, "sha512-CvGBWOksHgrL1uzYqtPFvZz0+E82BzgoCIEHJeuYaveEn37qWZS5jqoCm/vz6BfoivE1dVuyyOT78Begj9KxkQ=="],

    "@dprint/win32-arm64": ["@dprint/win32-arm64@0.49.1", "", { "os": "win32", "cpu": "arm64" }, "sha512-gQa4s82lMcXjfdxjWBQun6IJlXdPZZaIj2/2cqXWVEOYPKxAZ/JvGzt2pPG+i73h9KHjNLIV8M9ckqEH3oHufg=="],

    "@dprint/win32-x64": ["@dprint/win32-x64@0.49.1", "", { "os": "win32", "cpu": "x64" }, "sha512-nPU6+hoVze5JJlgET7woYWElBw0IUaB/9XKTaglknQuUUfsmD75D9pkgJTxdIxl9Bg/i5O7c9wb3Nj4XNiTIfw=="],

    "@types/bun": ["@types/bun@1.2.16", "", { "dependencies": { "bun-types": "1.2.16" } }, "sha512-1aCZJ/6nSiViw339RsaNhkNoEloLaPzZhxMOYEa7OzRzO41IGg5n/7I43/ZIAW/c+Q6cT12Vf7fOZOoVIzb5BQ=="],

    "@types/chrome": ["@types/chrome@0.0.306", "", { "dependencies": { "@types/filesystem": "*", "@types/har-format": "*" } }, "sha512-95kgcqvTNcaZCXmx/kIKY6uo83IaRNT3cuPxYqlB2Iu+HzKDCP4t7TUe7KhJijTdibcvn+SzziIcfSLIlgRnhQ=="],

    "@types/filesystem": ["@types/filesystem@0.0.36", "", { "dependencies": { "@types/filewriter": "*" } }, "sha512-vPDXOZuannb9FZdxgHnqSwAG/jvdGM8Wq+6N4D/d80z+D4HWH+bItqsZaVRQykAn6WEVeEkLm2oQigyHtgb0RA=="],

    "@types/filewriter": ["@types/filewriter@0.0.33", "", {}, "sha512-xFU8ZXTw4gd358lb2jw25nxY9QAgqn2+bKKjKOYfNCzN4DKCFetK7sPtrlpg66Ywe3vWY9FNxprZawAh9wfJ3g=="],

    "@types/firefox-webext-browser": ["@types/firefox-webext-browser@120.0.4", "", {}, "sha512-lBrpf08xhiZBigrtdQfUaqX1UauwZ+skbFiL8u2Tdra/rklkKadYmIzTwkNZSWtuZ7OKpFqbE2HHfDoFqvZf6w=="],

    "@types/har-format": ["@types/har-format@1.2.16", "", {}, "sha512-fluxdy7ryD3MV6h8pTfTYpy/xQzCFC7m89nOH9y94cNqJ1mDIDPut7MnRHI3F6qRmh/cT2fUjG1MLdCNb4hE9A=="],

    "@types/hoist-non-react-statics": ["@types/hoist-non-react-statics@3.3.6", "", { "dependencies": { "@types/react": "*", "hoist-non-react-statics": "^3.3.0" } }, "sha512-lPByRJUer/iN/xa4qpyL0qmL11DqNW81iU/IG1S3uvRUq4oKagz8VCxZjiWkumgt66YT3vOdDgZ0o32sGKtCEw=="],

    "@types/node": ["@types/node@22.15.21", "", { "dependencies": { "undici-types": "~6.21.0" } }, "sha512-EV/37Td6c+MgKAbkcLG6vqZ2zEYHD7bvSrzqqs2RIhbA6w3x+Dqz8MZM3sP6kGTeLrdoOgKZe+Xja7tUB2DNkQ=="],

    "@types/react": ["@types/react@19.1.8", "", { "dependencies": { "csstype": "^3.0.2" } }, "sha512-AwAfQ2Wa5bCx9WP8nZL2uMZWod7J7/JSplxbTmBQ5ms6QpqNYm672H0Vu9ZVKVngQ+ii4R/byguVEUZQyeg44g=="],

    "@types/react-beautiful-dnd": ["@types/react-beautiful-dnd@13.1.8", "", { "dependencies": { "@types/react": "*" } }, "sha512-E3TyFsro9pQuK4r8S/OL6G99eq7p8v29sX0PM7oT8Z+PJfZvSQTx4zTQbUJ+QZXioAF0e7TGBEcA1XhYhCweyQ=="],

    "@types/react-dom": ["@types/react-dom@19.1.6", "", { "peerDependencies": { "@types/react": "^19.0.0" } }, "sha512-4hOiT/dwO8Ko0gV1m/TJZYk3y0KBnY9vzDh7W+DH17b2HFSOGgdj33dhihPeuy3l0q23+4e+hoXHV6hCC4dCXw=="],

    "@types/react-redux": ["@types/react-redux@7.1.34", "", { "dependencies": { "@types/hoist-non-react-statics": "^3.3.0", "@types/react": "*", "hoist-non-react-statics": "^3.3.0", "redux": "^4.0.0" } }, "sha512-GdFaVjEbYv4Fthm2ZLvj1VSCedV7TqE5y1kNwnjSdBOTXuRSgowux6J8TAct15T3CKBr63UMk+2CO7ilRhyrAQ=="],

    "ace-builds": ["ace-builds@1.42.0", "", {}, "sha512-nRDbpHguujCh9Lb00jtJAblR6d5JEi6RVrHtj+TAlUqRYwWl5Es7iHnyXUOmTcMfkzQ2/TPn45G/yvdQGa0ZXw=="],

    "bun-types": ["bun-types@1.2.16", "", { "dependencies": { "@types/node": "*" } }, "sha512-ciXLrHV4PXax9vHvUrkvun9VPVGOVwbbbBF/Ev1cXz12lyEZMoJpIJABOfPcN9gDJRaiKF9MVbSygLg4NXu3/A=="],

    "css-box-model": ["css-box-model@1.2.1", "", { "dependencies": { "tiny-invariant": "^1.0.6" } }, "sha512-a7Vr4Q/kd/aw96bnJG332W9V9LkJO69JRcaCYDUqjp6/z0w6VcZjgAcTbgFxEPfBgdnAwlh3iwu+hLopa+flJw=="],

    "csstype": ["csstype@3.1.3", "", {}, "sha512-M1uQkMl8rQK/szD0LNhtqxIPLpimGm8sOBwU7lLnCpSbTyY3yeU1Vc7l4KT5zT4s/yOxHH5O7tIuuLOCnLADRw=="],

    "dprint": ["dprint@0.49.1", "", { "optionalDependencies": { "@dprint/darwin-arm64": "0.49.1", "@dprint/darwin-x64": "0.49.1", "@dprint/linux-arm64-glibc": "0.49.1", "@dprint/linux-arm64-musl": "0.49.1", "@dprint/linux-riscv64-glibc": "0.49.1", "@dprint/linux-x64-glibc": "0.49.1", "@dprint/linux-x64-musl": "0.49.1", "@dprint/win32-arm64": "0.49.1", "@dprint/win32-x64": "0.49.1" }, "bin": { "dprint": "bin.js" } }, "sha512-pO9XH79SyXybj2Vhc9ITZMEI8cJkdlQQRoD8oEfPH6Jjpp/7WX5kIgECVd3DBOjjAdCSiW6R47v3gJBx/qZVkw=="],

    "hoist-non-react-statics": ["hoist-non-react-statics@3.3.2", "", { "dependencies": { "react-is": "^16.7.0" } }, "sha512-/gGivxi8JPKWNm/W0jSmzcMPpfpPLc3dY/6GxhX2hQ9iGj3aDfklV4ET7NjKpSinLpJ5vafa9iiGIEZg10SfBw=="],

    "js-tokens": ["js-tokens@4.0.0", "", {}, "sha512-RdJUflcE3cUzKiMqQgsCu06FPu9UdIJO0beYbPhHN4k6apgJtifcoCtT9bcxOpYBtpD2kCM6Sbzg4CausW/PKQ=="],

    "loose-envify": ["loose-envify@1.4.0", "", { "dependencies": { "js-tokens": "^3.0.0 || ^4.0.0" }, "bin": { "loose-envify": "cli.js" } }, "sha512-lyuxPGr/Wfhrlem2CL/UcnUc1zcqKAImBDzukY7Y5F/yQiNdko6+fRLevlw1HgMySw7f611UIY408EtxRSoK3Q=="],

    "marked": ["marked@15.0.12", "", { "bin": { "marked": "bin/marked.js" } }, "sha512-8dD6FusOQSrpv9Z1rdNMdlSgQOIP880DHqnohobOmYLElGEqAL/JvxvuxZO16r4HtjTlfPRDC1hbvxC9dPN2nA=="],

    "memoize-one": ["memoize-one@5.2.1", "", {}, "sha512-zYiwtZUcYyXKo/np96AGZAckk+FWWsUdJ3cHGGmld7+AhvcWmQyGCYUh1hc4Q/pkOhb65dQR/pqCyK0cOaHz4Q=="],

    "object-assign": ["object-assign@4.1.1", "", {}, "sha512-rJgTQnkUnH1sFw8yT6VSU3zD3sWmu6sZhIseY8VX+GRu3P6F7Fu+JNDoXfklElbLJSnc3FUQHVe4cU5hj+BcUg=="],

    "prop-types": ["prop-types@15.8.1", "", { "dependencies": { "loose-envify": "^1.4.0", "object-assign": "^4.1.1", "react-is": "^16.13.1" } }, "sha512-oj87CgZICdulUohogVAR7AjlC0327U4el4L6eAvOqCeudMDVU0NThNaV+b9Df4dXgSP1gXMTnPdhfe/2qDH5cg=="],

    "raf-schd": ["raf-schd@4.0.3", "", {}, "sha512-tQkJl2GRWh83ui2DiPTJz9wEiMN20syf+5oKfB03yYP7ioZcJwsIK8FjrtLwH1m7C7e+Tt2yYBlrOpdT+dyeIQ=="],

    "react": ["react@19.1.0", "", {}, "sha512-FS+XFBNvn3GTAWq26joslQgWNoFu08F4kl0J4CgdNKADkdSGXQyTCnKteIAJy96Br6YbpEU1LSzV5dYtjMkMDg=="],

    "react-beautiful-dnd": ["react-beautiful-dnd@13.1.1", "", { "dependencies": { "@babel/runtime": "^7.9.2", "css-box-model": "^1.2.0", "memoize-one": "^5.1.1", "raf-schd": "^4.0.2", "react-redux": "^7.2.0", "redux": "^4.0.4", "use-memo-one": "^1.1.1" }, "peerDependencies": { "react": "^16.8.5 || ^17.0.0 || ^18.0.0", "react-dom": "^16.8.5 || ^17.0.0 || ^18.0.0" } }, "sha512-0Lvs4tq2VcrEjEgDXHjT98r+63drkKEgqyxdA7qD3mvKwga6a5SscbdLPO2IExotU1jW8L0Ksdl0Cj2AF67nPQ=="],

    "react-dom": ["react-dom@19.1.0", "", { "dependencies": { "scheduler": "^0.26.0" }, "peerDependencies": { "react": "^19.1.0" } }, "sha512-Xs1hdnE+DyKgeHJeJznQmYMIBG3TKIHJJT95Q58nHLSrElKlGQqDTR2HQ9fx5CN/Gk6Vh/kupBTDLU11/nDk/g=="],

    "react-is": ["react-is@17.0.2", "", {}, "sha512-w2GsyukL62IJnlaff/nRegPQR94C/XXamvMWmSHRJ4y7Ts/4ocGRmTHvOs8PSE6pB3dWOrD/nueuU5sduBsQ4w=="],

    "react-redux": ["react-redux@7.2.9", "", { "dependencies": { "@babel/runtime": "^7.15.4", "@types/react-redux": "^7.1.20", "hoist-non-react-statics": "^3.3.2", "loose-envify": "^1.4.0", "prop-types": "^15.7.2", "react-is": "^17.0.2" }, "peerDependencies": { "react": "^16.8.3 || ^17 || ^18" } }, "sha512-Gx4L3uM182jEEayZfRbI/G11ZpYdNAnBs70lFVMNdHJI76XYtR+7m0MN+eAs7UHBPhWXcnFPaS+9owSCJQHNpQ=="],

    "redux": ["redux@4.2.1", "", { "dependencies": { "@babel/runtime": "^7.9.2" } }, "sha512-LAUYz4lc+Do8/g7aeRa8JkyDErK6ekstQaqWQrNRW//MY1TvCEpMtpTWvlQ+FPbWCx+Xixu/6SHt5N0HR+SB4w=="],

    "scheduler": ["scheduler@0.26.0", "", {}, "sha512-NlHwttCI/l5gCPR3D1nNXtWABUmBwvZpEQiD4IXSbIDq8BzLIK/7Ir5gTFSGZDUu37K5cMNp0hFtzO38sC7gWA=="],

    "tiny-invariant": ["tiny-invariant@1.3.3", "", {}, "sha512-+FbBPE1o9QAYvviau/qC5SE3caw21q3xkvWKBtja5vgqOWIHHJ3ioaq1VPfn/Szqctz2bU/oYeKd9/z5BL+PVg=="],

    "typescript": ["typescript@5.8.3", "", { "bin": { "tsc": "bin/tsc", "tsserver": "bin/tsserver" } }, "sha512-p1diW6TqL9L07nNxvRMM7hMMw4c5XOo/1ibL4aAIGmSAt9slTE1Xgw5KWuof2uTOvCg9BY7ZRi+GaF+7sfgPeQ=="],

    "undici-types": ["undici-types@6.21.0", "", {}, "sha512-iwDZqg0QAGrg9Rav5H4n0M64c3mkR59cJ6wQp+7C4nI0gsmExaedaYLNO44eT4AtBBwjbTiGPMlt2Md0T9H9JQ=="],

    "use-memo-one": ["use-memo-one@1.1.3", "", { "peerDependencies": { "react": "^16.8.0 || ^17.0.0 || ^18.0.0" } }, "sha512-g66/K7ZQGYrI6dy8GLpVcMsBp4s17xNkYJVSMvTEevGy3nDxHOfE6z8BVE22+5G5x7t3+bhzrlTDB7ObrEE0cQ=="],

    "@types/hoist-non-react-statics/@types/react": ["@types/react@19.1.5", "", { "dependencies": { "csstype": "^3.0.2" } }, "sha512-piErsCVVbpMMT2r7wbawdZsq4xMvIAhQuac2gedQHysu1TZYEigE6pnFfgZT+/jQnrRuF5r+SHzuehFjfRjr4g=="],

    "@types/react-beautiful-dnd/@types/react": ["@types/react@19.1.5", "", { "dependencies": { "csstype": "^3.0.2" } }, "sha512-piErsCVVbpMMT2r7wbawdZsq4xMvIAhQuac2gedQHysu1TZYEigE6pnFfgZT+/jQnrRuF5r+SHzuehFjfRjr4g=="],

    "@types/react-redux/@types/react": ["@types/react@19.1.5", "", { "dependencies": { "csstype": "^3.0.2" } }, "sha512-piErsCVVbpMMT2r7wbawdZsq4xMvIAhQuac2gedQHysu1TZYEigE6pnFfgZT+/jQnrRuF5r+SHzuehFjfRjr4g=="],

    "hoist-non-react-statics/react-is": ["react-is@16.13.1", "", {}, "sha512-24e6ynE2H+OKt4kqsOvNd8kBpV65zoxbA4BVsEOB3ARVWQki/DHzaUoC5KuON/BiccDaCCTZBuOcfZs70kR8bQ=="],

    "prop-types/react-is": ["react-is@16.13.1", "", {}, "sha512-24e6ynE2H+OKt4kqsOvNd8kBpV65zoxbA4BVsEOB3ARVWQki/DHzaUoC5KuON/BiccDaCCTZBuOcfZs70kR8bQ=="],
  }
}
